PODS:
  - lottie-ios (3.2.3)
  - RxCocoa (6.2.0):
    - RxRelay (= 6.2.0)
    - RxSwift (= 6.2.0)
  - RxRelay (6.2.0):
    - RxSwift (= 6.2.0)
  - RxSwift (6.2.0)
  - ToastViewSwift (1.0.4)

DEPENDENCIES:
  - lottie-ios
  - RxCocoa
  - RxSwift
  - ToastViewSwift

SPEC REPOS:
  trunk:
    - lottie-ios
    - RxCocoa
    - RxRelay
    - RxSwift
    - ToastViewSwift

SPEC CHECKSUMS:
  lottie-ios: c058aeafa76daa4cf64d773554bccc8385d0150e
  RxCocoa: 4baf94bb35f2c0ab31bc0cb9f1900155f646ba42
  RxRelay: e72dbfd157807478401ef1982e1c61c945c94b2f
  RxSwift: d356ab7bee873611322f134c5f9ef379fa183d8f
  ToastViewSwift: d63718326476fc0ad0120130b12ae3c8cbf80b3e

PODFILE CHECKSUM: 3087f7014dfc1ed0c724104086d5350e51f0ced5

COCOAPODS: 1.11.2
